
Microsoft Visual Studio Solution File, Format Version 12.00
# Visual Studio Version 17
VisualStudioVersion = 17.9.34607.119
MinimumVisualStudioVersion = 10.0.40219.1
Project("{FAE04EC0-301F-11D3-BF4B-00C04F79EFBC}") = "TetatetMessenger", "TetatetMessenger\TetatetMessenger.csproj", "{31563B6C-0619-46DB-A485-6BB9B88ECFC7}"
EndProject
Global
	GlobalSection(SolutionConfigurationPlatforms) = preSolution
		Debug|Any CPU = Debug|Any CPU
		Release|Any CPU = Release|Any CPU
	EndGlobalSection
	GlobalSection(ProjectConfigurationPlatforms) = postSolution
		{31563B6C-0619-46DB-A485-6BB9B88ECFC7}.Debug|Any CPU.ActiveCfg = Debug|Any CPU
		{31563B6C-0619-46DB-A485-6BB9B88ECFC7}.Debug|Any CPU.Build.0 = Debug|Any CPU
		{31563B6C-0619-46DB-A485-6BB9B88ECFC7}.Release|Any CPU.ActiveCfg = Release|Any CPU
		{31563B6C-0619-46DB-A485-6BB9B88ECFC7}.Release|Any CPU.Build.0 = Release|Any CPU
	EndGlobalSection
	GlobalSection(SolutionProperties) = preSolution
		HideSolutionNode = FALSE
	EndGlobalSection
	GlobalSection(ExtensibilityGlobals) = postSolution
		SolutionGuid = {7B375CC3-BAD4-4E46-BF64-B6AB1AE4FF71}
	EndGlobalSection
EndGlobal
